{
    "_readme": [
        "This file locks the dependencies of your project to a known state",
        "Read more about it at https://getcomposer.org/doc/01-basic-usage.md#composer-lock-the-lock-file",
        "This file is @generated automatically"
    ],
    "hash": "2921f94ab23b86f438f9b79206b92862",
    "content-hash": "dadb3ea646a463c45f3eb38e1bcc800a",
    "packages": [
        {
            "name": "20steps/api-ai-webhook-php",
            "version": "dev-master",
            "source": {
                "type": "git",
                "url": "https://github.com/20steps/api-ai-webhook-php.git",
                "reference": "ebccbbefbe8a65f9eb0acb0b3c12554b30f86aaf"
            },
            "dist": {
                "type": "zip",
                "url": "https://api.github.com/repos/20steps/api-ai-webhook-php/zipball/ebccbbefbe8a65f9eb0acb0b3c12554b30f86aaf",
                "reference": "ebccbbefbe8a65f9eb0acb0b3c12554b30f86aaf",
                "shasum": ""
            },
            "require": {
                "php": ">=7.0"
            },
            "require-dev": {
                "phpunit/phpunit": "~4.6"
            },
            "type": "library",
            "autoload": {
                "psr-4": {
                    "APIAI\\": "src/"
                }
            },
            "notification-url": "https://packagist.org/downloads/",
            "license": [
                "MIT"
            ],
            "authors": [
                {
                    "name": "Helmut Hoffer von Ankershoffen",
                    "email": "hhva@20steps.de"
                }
            ],
            "description": "API AI Webhook interface for PHP",
            "keywords": [
                "Google Actions",
                "Google Home",
                "ai",
                "api",
                "php"
            ],
            "time": "2017-08-16 09:53:18"
        },
        {
            "name": "curl/curl",
            "version": "1.8.0",
            "source": {
                "type": "git",
                "url": "https://github.com/php-mod/curl.git",
                "reference": "16e8489b048ef57ffbf74591a201f7808155b2db"
            },
            "dist": {
                "type": "zip",
                "url": "https://api.github.com/repos/php-mod/curl/zipball/16e8489b048ef57ffbf74591a201f7808155b2db",
                "reference": "16e8489b048ef57ffbf74591a201f7808155b2db",
                "shasum": ""
            },
            "require": {
                "ext-curl": "*",
                "php": ">=5.3.0"
            },
            "require-dev": {
                "phpunit/phpunit": "3.7.*",
                "squizlabs/php_codesniffer": "~2.1"
            },
            "type": "library",
            "autoload": {
                "psr-0": {
                    "Curl": "src/"
                }
            },
            "notification-url": "https://packagist.org/downloads/",
            "license": [
                "MIT"
            ],
            "authors": [
                {
                    "name": "Hassan Amouhzi",
                    "email": "hassan@anezi.net",
                    "homepage": "http://hassan.amouhzi.com"
                },
                {
                    "name": "php-curl-class",
                    "homepage": "https://github.com/php-curl-class"
                },
                {
                    "name": "user52",
                    "homepage": "https://github.com/user52"
                }
            ],
            "description": "cURL class for PHP",
            "homepage": "https://github.com/php-mod/curl",
            "keywords": [
                "curl",
                "dot"
            ],
            "time": "2017-08-12 11:44:08"
        }
    ],
    "packages-dev": [],
    "aliases": [],
    "minimum-stability": "stable",
    "stability-flags": {
        "20steps/api-ai-webhook-php": 20
    },
    "prefer-stable": false,
    "prefer-lowest": false,
    "platform": [],
    "platform-dev": []
}
